
Microsoft Visual Studio Solution File, Format Version 12.00
# Visual Studio Version 16
VisualStudioVersion = 16.0.29123.89
MinimumVisualStudioVersion = 10.0.40219.1
Project("{9A19103F-16F7-4668-BE54-9A1E7A4F7556}") = "GreenPine.CRM.Api", "GreenPine.CRM.Api\GreenPine.CRM.Api.csproj", "{5920E69B-DE30-453E-B0F8-55E5D7DA0B64}"
EndProject
Project("{9A19103F-16F7-4668-BE54-9A1E7A4F7556}") = "GreenPine.CRM.App", "GreenPine.CRM.App\GreenPine.CRM.App.csproj", "{A6CF65D4-3DF0-4F4D-A2DA-6BAFB3B6741C}"
EndProject
Project("{9A19103F-16F7-4668-BE54-9A1E7A4F7556}") = "GreenPine.CRM.Database", "GreenPine.CRM.Database\GreenPine.CRM.Database.csproj", "{4AA25F2A-A59F-49FF-A90C-868690266903}"
EndProject
Project("{9A19103F-16F7-4668-BE54-9A1E7A4F7556}") = "GreenPine.CRM.Logic.Server", "GreenPine.CRM.Logic.Server\GreenPine.CRM.Logic.Server.csproj", "{76ADB281-DE61-48E1-B552-6BD8511F974B}"
EndProject
Project("{9A19103F-16F7-4668-BE54-9A1E7A4F7556}") = "GreenPine.CRM.Model.Database", "GreenPine.CRM.Model.Database\GreenPine.CRM.Model.Database.csproj", "{F6D92E17-49BB-4B88-81BE-F92B40C13AC6}"
EndProject
Project("{9A19103F-16F7-4668-BE54-9A1E7A4F7556}") = "GreenPine.CRM.Model.Server", "GreenPine.CRM.Model.Server\GreenPine.CRM.Model.Server.csproj", "{3D3B3BD2-8B9F-4494-972F-85236B1CCEA0}"
EndProject
Project("{9A19103F-16F7-4668-BE54-9A1E7A4F7556}") = "GreenPine.CRM.Model.Shared", "GreenPine.CRM.Model.Shared\GreenPine.CRM.Model.Shared.csproj", "{B3A99BBB-5549-4332-B819-6DFAB67F6875}"
EndProject
Global
	GlobalSection(SolutionConfigurationPlatforms) = preSolution
		Debug|Any CPU = Debug|Any CPU
		Release|Any CPU = Release|Any CPU
	EndGlobalSection
	GlobalSection(ProjectConfigurationPlatforms) = postSolution
		{5920E69B-DE30-453E-B0F8-55E5D7DA0B64}.Debug|Any CPU.ActiveCfg = Debug|Any CPU
		{5920E69B-DE30-453E-B0F8-55E5D7DA0B64}.Debug|Any CPU.Build.0 = Debug|Any CPU
		{5920E69B-DE30-453E-B0F8-55E5D7DA0B64}.Release|Any CPU.ActiveCfg = Release|Any CPU
		{5920E69B-DE30-453E-B0F8-55E5D7DA0B64}.Release|Any CPU.Build.0 = Release|Any CPU
		{A6CF65D4-3DF0-4F4D-A2DA-6BAFB3B6741C}.Debug|Any CPU.ActiveCfg = Debug|Any CPU
		{A6CF65D4-3DF0-4F4D-A2DA-6BAFB3B6741C}.Debug|Any CPU.Build.0 = Debug|Any CPU
		{A6CF65D4-3DF0-4F4D-A2DA-6BAFB3B6741C}.Release|Any CPU.ActiveCfg = Release|Any CPU
		{A6CF65D4-3DF0-4F4D-A2DA-6BAFB3B6741C}.Release|Any CPU.Build.0 = Release|Any CPU
		{4AA25F2A-A59F-49FF-A90C-868690266903}.Debug|Any CPU.ActiveCfg = Debug|Any CPU
		{4AA25F2A-A59F-49FF-A90C-868690266903}.Debug|Any CPU.Build.0 = Debug|Any CPU
		{4AA25F2A-A59F-49FF-A90C-868690266903}.Release|Any CPU.ActiveCfg = Release|Any CPU
		{4AA25F2A-A59F-49FF-A90C-868690266903}.Release|Any CPU.Build.0 = Release|Any CPU
		{76ADB281-DE61-48E1-B552-6BD8511F974B}.Debug|Any CPU.ActiveCfg = Debug|Any CPU
		{76ADB281-DE61-48E1-B552-6BD8511F974B}.Debug|Any CPU.Build.0 = Debug|Any CPU
		{76ADB281-DE61-48E1-B552-6BD8511F974B}.Release|Any CPU.ActiveCfg = Release|Any CPU
		{76ADB281-DE61-48E1-B552-6BD8511F974B}.Release|Any CPU.Build.0 = Release|Any CPU
		{F6D92E17-49BB-4B88-81BE-F92B40C13AC6}.Debug|Any CPU.ActiveCfg = Debug|Any CPU
		{F6D92E17-49BB-4B88-81BE-F92B40C13AC6}.Debug|Any CPU.Build.0 = Debug|Any CPU
		{F6D92E17-49BB-4B88-81BE-F92B40C13AC6}.Release|Any CPU.ActiveCfg = Release|Any CPU
		{F6D92E17-49BB-4B88-81BE-F92B40C13AC6}.Release|Any CPU.Build.0 = Release|Any CPU
		{3D3B3BD2-8B9F-4494-972F-85236B1CCEA0}.Debug|Any CPU.ActiveCfg = Debug|Any CPU
		{3D3B3BD2-8B9F-4494-972F-85236B1CCEA0}.Debug|Any CPU.Build.0 = Debug|Any CPU
		{3D3B3BD2-8B9F-4494-972F-85236B1CCEA0}.Release|Any CPU.ActiveCfg = Release|Any CPU
		{3D3B3BD2-8B9F-4494-972F-85236B1CCEA0}.Release|Any CPU.Build.0 = Release|Any CPU
		{B3A99BBB-5549-4332-B819-6DFAB67F6875}.Debug|Any CPU.ActiveCfg = Debug|Any CPU
		{B3A99BBB-5549-4332-B819-6DFAB67F6875}.Debug|Any CPU.Build.0 = Debug|Any CPU
		{B3A99BBB-5549-4332-B819-6DFAB67F6875}.Release|Any CPU.ActiveCfg = Release|Any CPU
		{B3A99BBB-5549-4332-B819-6DFAB67F6875}.Release|Any CPU.Build.0 = Release|Any CPU
	EndGlobalSection
	GlobalSection(SolutionProperties) = preSolution
		HideSolutionNode = FALSE
	EndGlobalSection
	GlobalSection(ExtensibilityGlobals) = postSolution
		SolutionGuid = {272F072A-B3D1-4D24-AA2A-36D42A5D7D68}
	EndGlobalSection
EndGlobal
